// !$*UTF8*$!
{
	archiveVersion = 1;
	classes = {
	};
	objectVersion = 56;
	objects = {

/* Begin PBXBuildFile section */
		A8E989FE29B10CAC0040CA63 /* AppDelegate.swift in Sources */ = {isa = PBXBuildFile; fileRef = A8E989FD29B10CAC0040CA63 /* AppDelegate.swift */; };
		A8E98A0029B10CAC0040CA63 /* SceneDelegate.swift in Sources */ = {isa = PBXBuildFile; fileRef = A8E989FF29B10CAC0040CA63 /* SceneDelegate.swift */; };
		A8E98A0229B10CAC0040CA63 /* ViewController.swift in Sources */ = {isa = PBXBuildFile; fileRef = A8E98A0129B10CAC0040CA63 /* ViewController.swift */; };
		A8E98A0529B10CAC0040CA63 /* Main.storyboard in Resources */ = {isa = PBXBuildFile; fileRef = A8E98A0329B10CAC0040CA63 /* Main.storyboard */; };
		A8E98A0729B10CAE0040CA63 /* Assets.xcassets in Resources */ = {isa = PBXBuildFile; fileRef = A8E98A0629B10CAE0040CA63 /* Assets.xcassets */; };
		A8E98A0A29B10CAE0040CA63 /* LaunchScreen.storyboard in Resources */ = {isa = PBXBuildFile; fileRef = A8E98A0829B10CAE0040CA63 /* LaunchScreen.storyboard */; };
		A8E98A1529B10CAE0040CA63 /* common_uikit_projectTests.swift in Sources */ = {isa = PBXBuildFile; fileRef = A8E98A1429B10CAE0040CA63 /* common_uikit_projectTests.swift */; };
		A8E98A1F29B10CAE0040CA63 /* common_uikit_projectUITests.swift in Sources */ = {isa = PBXBuildFile; fileRef = A8E98A1E29B10CAE0040CA63 /* common_uikit_projectUITests.swift */; };
		A8E98A2129B10CAE0040CA63 /* common_uikit_projectUITestsLaunchTests.swift in Sources */ = {isa = PBXBuildFile; fileRef = A8E98A2029B10CAE0040CA63 /* common_uikit_projectUITestsLaunchTests.swift */; };
/* End PBXBuildFile section */

/* Begin PBXContainerItemProxy section */
		A8E98A1129B10CAE0040CA63 /* PBXContainerItemProxy */ = {
			isa = PBXContainerItemProxy;
			containerPortal = A8E989F229B10CAC0040CA63 /* Project object */;
			proxyType = 1;
			remoteGlobalIDString = A8E989F929B10CAC0040CA63;
			remoteInfo = "common-uikit-project";
		};
		A8E98A1B29B10CAE0040CA63 /* PBXContainerItemProxy */ = {
			isa = PBXContainerItemProxy;
			containerPortal = A8E989F229B10CAC0040CA63 /* Project object */;
			proxyType = 1;
			remoteGlobalIDString = A8E989F929B10CAC0040CA63;
			remoteInfo = "common-uikit-project";
		};
/* End PBXContainerItemProxy section */

/* Begin PBXFileReference section */
		A8E989FA29B10CAC0040CA63 /* common-uikit-project.app */ = {isa = PBXFileReference; explicitFileType = wrapper.application; includeInIndex = 0; path = "common-uikit-project.app"; sourceTree = BUILT_PRODUCTS_DIR; };
		A8E989FD29B10CAC0040CA63 /* AppDelegate.swift */ = {isa = PBXFileReference; lastKnownFileType = sourcecode.swift; path = AppDelegate.swift; sourceTree = "<group>"; };
		A8E989FF29B10CAC0040CA63 /* SceneDelegate.swift */ = {isa = PBXFileReference; lastKnownFileType = sourcecode.swift; path = SceneDelegate.swift; sourceTree = "<group>"; };
		A8E98A0129B10CAC0040CA63 /* ViewController.swift */ = {isa = PBXFileReference; lastKnownFileType = sourcecode.swift; path = ViewController.swift; sourceTree = "<group>"; };
		A8E98A0429B10CAC0040CA63 /* Base */ = {isa = PBXFileReference; lastKnownFileType = file.storyboard; name = Base; path = Base.lproj/Main.storyboard; sourceTree = "<group>"; };
		A8E98A0629B10CAE0040CA63 /* Assets.xcassets */ = {isa = PBXFileReference; lastKnownFileType = folder.assetcatalog; path = Assets.xcassets; sourceTree = "<group>"; };
		A8E98A0929B10CAE0040CA63 /* Base */ = {isa = PBXFileReference; lastKnownFileType = file.storyboard; name = Base; path = Base.lproj/LaunchScreen.storyboard; sourceTree = "<group>"; };
		A8E98A0B29B10CAE0040CA63 /* Info.plist */ = {isa = PBXFileReference; lastKnownFileType = text.plist.xml; path = Info.plist; sourceTree = "<group>"; };
		A8E98A1029B10CAE0040CA63 /* common-uikit-projectTests.xctest */ = {isa = PBXFileReference; explicitFileType = wrapper.cfbundle; includeInIndex = 0; path = "common-uikit-projectTests.xctest"; sourceTree = BUILT_PRODUCTS_DIR; };
		A8E98A1429B10CAE0040CA63 /* common_uikit_projectTests.swift */ = {isa = PBXFileReference; lastKnownFileType = sourcecode.swift; path = common_uikit_projectTests.swift; sourceTree = "<group>"; };
		A8E98A1A29B10CAE0040CA63 /* common-uikit-projectUITests.xctest */ = {isa = PBXFileReference; explicitFileType = wrapper.cfbundle; includeInIndex = 0; path = "common-uikit-projectUITests.xctest"; sourceTree = BUILT_PRODUCTS_DIR; };
		A8E98A1E29B10CAE0040CA63 /* common_uikit_projectUITests.swift */ = {isa = PBXFileReference; lastKnownFileType = sourcecode.swift; path = common_uikit_projectUITests.swift; sourceTree = "<group>"; };
		A8E98A2029B10CAE0040CA63 /* common_uikit_projectUITestsLaunchTests.swift */ = {isa = PBXFileReference; lastKnownFileType = sourcecode.swift; path = common_uikit_projectUITestsLaunchTests.swift; sourceTree = "<group>"; };
/* End PBXFileReference section */

/* Begin PBXFrameworksBuildPhase section */
		A8E989F729B10CAC0040CA63 /* Frameworks */ = {
			isa = PBXFrameworksBuildPhase;
			buildActionMask = 2147483647;
			files = (
			);
			runOnlyForDeploymentPostprocessing = 0;
		};
		A8E98A0D29B10CAE0040CA63 /* Frameworks */ = {
			isa = PBXFrameworksBuildPhase;
			buildActionMask = 2147483647;
			files = (
			);
			runOnlyForDeploymentPostprocessing = 0;
		};
		A8E98A1729B10CAE0040CA63 /* Frameworks */ = {
			isa = PBXFrameworksBuildPhase;
			buildActionMask = 2147483647;
			files = (
			);
			runOnlyForDeploymentPostprocessing = 0;
		};
/* End PBXFrameworksBuildPhase section */

/* Begin PBXGroup section */
		A8E989F129B10CAC0040CA63 = {
			isa = PBXGroup;
			children = (
				A8E989FC29B10CAC0040CA63 /* common-uikit-project */,
				A8E98A1329B10CAE0040CA63 /* common-uikit-projectTests */,
				A8E98A1D29B10CAE0040CA63 /* common-uikit-projectUITests */,
				A8E989FB29B10CAC0040CA63 /* Products */,
			);
			sourceTree = "<group>";
		};
		A8E989FB29B10CAC0040CA63 /* Products */ = {
			isa = PBXGroup;
			children = (
				A8E989FA29B10CAC0040CA63 /* common-uikit-project.app */,
				A8E98A1029B10CAE0040CA63 /* common-uikit-projectTests.xctest */,
				A8E98A1A29B10CAE0040CA63 /* common-uikit-projectUITests.xctest */,
			);
			name = Products;
			sourceTree = "<group>";
		};
		A8E989FC29B10CAC0040CA63 /* common-uikit-project */ = {
			isa = PBXGroup;
			children = (
				A8E98A2D29B110470040CA63 /* Extensions */,
				A8E989FD29B10CAC0040CA63 /* AppDelegate.swift */,
				A8E989FF29B10CAC0040CA63 /* SceneDelegate.swift */,
				A8E98A0129B10CAC0040CA63 /* ViewController.swift */,
				A8E98A0329B10CAC0040CA63 /* Main.storyboard */,
				A8E98A0829B10CAE0040CA63 /* LaunchScreen.storyboard */,
				A8E98A0629B10CAE0040CA63 /* Assets.xcassets */,
				A8E98A0B29B10CAE0040CA63 /* Info.plist */,
			);
			path = "common-uikit-project";
			sourceTree = "<group>";
		};
		A8E98A1329B10CAE0040CA63 /* common-uikit-projectTests */ = {
			isa = PBXGroup;
			children = (
				A8E98A1429B10CAE0040CA63 /* common_uikit_projectTests.swift */,
			);
			path = "common-uikit-projectTests";
			sourceTree = "<group>";
		};
		A8E98A1D29B10CAE0040CA63 /* common-uikit-projectUITests */ = {
			isa = PBXGroup;
			children = (
				A8E98A1E29B10CAE0040CA63 /* common_uikit_projectUITests.swift */,
				A8E98A2029B10CAE0040CA63 /* common_uikit_projectUITestsLaunchTests.swift */,
			);
			path = "common-uikit-projectUITests";
			sourceTree = "<group>";
		};
		A8E98A2D29B110470040CA63 /* Extensions */ = {
			isa = PBXGroup;
			children = (
			);
			path = Extensions;
			sourceTree = "<group>";
		};
/* End PBXGroup section */

/* Begin PBXNativeTarget section */
		A8E989F929B10CAC0040CA63 /* common-uikit-project */ = {
			isa = PBXNativeTarget;
			buildConfigurationList = A8E98A2429B10CAE0040CA63 /* Build configuration list for PBXNativeTarget "common-uikit-project" */;
			buildPhases = (
				A8E989F629B10CAC0040CA63 /* Sources */,
				A8E989F729B10CAC0040CA63 /* Frameworks */,
				A8E989F829B10CAC0040CA63 /* Resources */,
			);
			buildRules = (
			);
			dependencies = (
			);
			name = "common-uikit-project";
			productName = "common-uikit-project";
			productReference = A8E989FA29B10CAC0040CA63 /* common-uikit-project.app */;
			productType = "com.apple.product-type.application";
		};
		A8E98A0F29B10CAE0040CA63 /* common-uikit-projectTests */ = {
			isa = PBXNativeTarget;
			buildConfigurationList = A8E98A2729B10CAE0040CA63 /* Build configuration list for PBXNativeTarget "common-uikit-projectTests" */;
			buildPhases = (
				A8E98A0C29B10CAE0040CA63 /* Sources */,
				A8E98A0D29B10CAE0040CA63 /* Frameworks */,
				A8E98A0E29B10CAE0040CA63 /* Resources */,
			);
			buildRules = (
			);
			dependencies = (
				A8E98A1229B10CAE0040CA63 /* PBXTargetDependency */,
			);
			name = "common-uikit-projectTests";
			productName = "common-uikit-projectTests";
			productReference = A8E98A1029B10CAE0040CA63 /* common-uikit-projectTests.xctest */;
			productType = "com.apple.product-type.bundle.unit-test";
		};
		A8E98A1929B10CAE0040CA63 /* common-uikit-projectUITests */ = {
			isa = PBXNativeTarget;
			buildConfigurationList = A8E98A2A29B10CAE0040CA63 /* Build configuration list for PBXNativeTarget "common-uikit-projectUITests" */;
			buildPhases = (
				A8E98A1629B10CAE0040CA63 /* Sources */,
				A8E98A1729B10CAE0040CA63 /* Frameworks */,
				A8E98A1829B10CAE0040CA63 /* Resources */,
			);
			buildRules = (
			);
			dependencies = (
				A8E98A1C29B10CAE0040CA63 /* PBXTargetDependency */,
			);
			name = "common-uikit-projectUITests";
			productName = "common-uikit-projectUITests";
			productReference = A8E98A1A29B10CAE0040CA63 /* common-uikit-projectUITests.xctest */;
			productType = "com.apple.product-type.bundle.ui-testing";
		};
/* End PBXNativeTarget section */

/* Begin PBXProject section */
		A8E989F229B10CAC0040CA63 /* Project object */ = {
			isa = PBXProject;
			attributes = {
				BuildIndependentTargetsInParallel = 1;
				LastSwiftUpdateCheck = 1420;
				LastUpgradeCheck = 1420;
				TargetAttributes = {
					A8E989F929B10CAC0040CA63 = {
						CreatedOnToolsVersion = 14.2;
					};
					A8E98A0F29B10CAE0040CA63 = {
						CreatedOnToolsVersion = 14.2;
						TestTargetID = A8E989F929B10CAC0040CA63;
					};
					A8E98A1929B10CAE0040CA63 = {
						CreatedOnToolsVersion = 14.2;
						TestTargetID = A8E989F929B10CAC0040CA63;
					};
				};
			};
			buildConfigurationList = A8E989F529B10CAC0040CA63 /* Build configuration list for PBXProject "common-uikit-project" */;
			compatibilityVersion = "Xcode 14.0";
			developmentRegion = en;
			hasScannedForEncodings = 0;
			knownRegions = (
				en,
				Base,
			);
			mainGroup = A8E989F129B10CAC0040CA63;
			productRefGroup = A8E989FB29B10CAC0040CA63 /* Products */;
			projectDirPath = "";
			projectRoot = "";
			targets = (
				A8E989F929B10CAC0040CA63 /* common-uikit-project */,
				A8E98A0F29B10CAE0040CA63 /* common-uikit-projectTests */,
				A8E98A1929B10CAE0040CA63 /* common-uikit-projectUITests */,
			);
		};
/* End PBXProject section */

/* Begin PBXResourcesBuildPhase section */
		A8E989F829B10CAC0040CA63 /* Resources */ = {
			isa = PBXResourcesBuildPhase;
			buildActionMask = 2147483647;
			files = (
				A8E98A0A29B10CAE0040CA63 /* LaunchScreen.storyboard in Resources */,
				A8E98A0729B10CAE0040CA63 /* Assets.xcassets in Resources */,
				A8E98A0529B10CAC0040CA63 /* Main.storyboard in Resources */,
			);
			runOnlyForDeploymentPostprocessing = 0;
		};
		A8E98A0E29B10CAE0040CA63 /* Resources */ = {
			isa = PBXResourcesBuildPhase;
			buildActionMask = 2147483647;
			files = (
			);
			runOnlyForDeploymentPostprocessing = 0;
		};
		A8E98A1829B10CAE0040CA63 /* Resources */ = {
			isa = PBXResourcesBuildPhase;
			buildActionMask = 2147483647;
			files = (
			);
			runOnlyForDeploymentPostprocessing = 0;
		};
/* End PBXResourcesBuildPhase section */

/* Begin PBXSourcesBuildPhase section */
		A8E989F629B10CAC0040CA63 /* Sources */ = {
			isa = PBXSourcesBuildPhase;
			buildActionMask = 2147483647;
			files = (
				A8E98A0229B10CAC0040CA63 /* ViewController.swift in Sources */,
				A8E989FE29B10CAC0040CA63 /* AppDelegate.swift in Sources */,
				A8E98A0029B10CAC0040CA63 /* SceneDelegate.swift in Sources */,
			);
			runOnlyForDeploymentPostprocessing = 0;
		};
		A8E98A0C29B10CAE0040CA63 /* Sources */ = {
			isa = PBXSourcesBuildPhase;
			buildActionMask = 2147483647;
			files = (
				A8E98A1529B10CAE0040CA63 /* common_uikit_projectTests.swift in Sources */,
			);
			runOnlyForDeploymentPostprocessing = 0;
		};
		A8E98A1629B10CAE0040CA63 /* Sources */ = {
			isa = PBXSourcesBuildPhase;
			buildActionMask = 2147483647;
			files = (
				A8E98A2129B10CAE0040CA63 /* common_uikit_projectUITestsLaunchTests.swift in Sources */,
				A8E98A1F29B10CAE0040CA63 /* common_uikit_projectUITests.swift in Sources */,
			);
			runOnlyForDeploymentPostprocessing = 0;
		};
/* End PBXSourcesBuildPhase section */

/* Begin PBXTargetDependency section */
		A8E98A1229B10CAE0040CA63 /* PBXTargetDependency */ = {
			isa = PBXTargetDependency;
			target = A8E989F929B10CAC0040CA63 /* common-uikit-project */;
			targetProxy = A8E98A1129B10CAE0040CA63 /* PBXContainerItemProxy */;
		};
		A8E98A1C29B10CAE0040CA63 /* PBXTargetDependency */ = {
			isa = PBXTargetDependency;
			target = A8E989F929B10CAC0040CA63 /* common-uikit-project */;
			targetProxy = A8E98A1B29B10CAE0040CA63 /* PBXContainerItemProxy */;
		};
/* End PBXTargetDependency section */

/* Begin PBXVariantGroup section */
		A8E98A0329B10CAC0040CA63 /* Main.storyboard */ = {
			isa = PBXVariantGroup;
			children = (
				A8E98A0429B10CAC0040CA63 /* Base */,
			);
			name = Main.storyboard;
			sourceTree = "<group>";
		};
		A8E98A0829B10CAE0040CA63 /* LaunchScreen.storyboard */ = {
			isa = PBXVariantGroup;
			children = (
				A8E98A0929B10CAE0040CA63 /* Base */,
			);
			name = LaunchScreen.storyboard;
			sourceTree = "<group>";
		};
/* End PBXVariantGroup section */

/* Begin XCBuildConfiguration section */
		A8E98A2229B10CAE0040CA63 /* Debug */ = {
			isa = XCBuildConfiguration;
			buildSettings = {
				ALWAYS_SEARCH_USER_PATHS = NO;
				CLANG_ANALYZER_NONNULL = YES;
				CLANG_ANALYZER_NUMBER_OBJECT_CONVERSION = YES_AGGRESSIVE;
				CLANG_CXX_LANGUAGE_STANDARD = "gnu++20";
				CLANG_ENABLE_MODULES = YES;
				CLANG_ENABLE_OBJC_ARC = YES;
				CLANG_ENABLE_OBJC_WEAK = YES;
				CLANG_WARN_BLOCK_CAPTURE_AUTORELEASING = YES;
				CLANG_WARN_BOOL_CONVERSION = YES;
				CLANG_WARN_COMMA = YES;
				CLANG_WARN_CONSTANT_CONVERSION = YES;
				CLANG_WARN_DEPRECATED_OBJC_IMPLEMENTATIONS = YES;
				CLANG_WARN_DIRECT_OBJC_ISA_USAGE = YES_ERROR;
				CLANG_WARN_DOCUMENTATION_COMMENTS = YES;
				CLANG_WARN_EMPTY_BODY = YES;
				CLANG_WARN_ENUM_CONVERSION = YES;
				CLANG_WARN_INFINITE_RECURSION = YES;
				CLANG_WARN_INT_CONVERSION = YES;
				CLANG_WARN_NON_LITERAL_NULL_CONVERSION = YES;
				CLANG_WARN_OBJC_IMPLICIT_RETAIN_SELF = YES;
				CLANG_WARN_OBJC_LITERAL_CONVERSION = YES;
				CLANG_WARN_OBJC_ROOT_CLASS = YES_ERROR;
				CLANG_WARN_QUOTED_INCLUDE_IN_FRAMEWORK_HEADER = YES;
				CLANG_WARN_RANGE_LOOP_ANALYSIS = YES;
				CLANG_WARN_STRICT_PROTOTYPES = YES;
				CLANG_WARN_SUSPICIOUS_MOVE = YES;
				CLANG_WARN_UNGUARDED_AVAILABILITY = YES_AGGRESSIVE;
				CLANG_WARN_UNREACHABLE_CODE = YES;
				CLANG_WARN__DUPLICATE_METHOD_MATCH = YES;
				COPY_PHASE_STRIP = NO;
				DEBUG_INFORMATION_FORMAT = dwarf;
				ENABLE_STRICT_OBJC_MSGSEND = YES;
				ENABLE_TESTABILITY = YES;
				GCC_C_LANGUAGE_STANDARD = gnu11;
				GCC_DYNAMIC_NO_PIC = NO;
				GCC_NO_COMMON_BLOCKS = YES;
				GCC_OPTIMIZATION_LEVEL = 0;
				GCC_PREPROCESSOR_DEFINITIONS = (
					"DEBUG=1",
					"$(inherited)",
				);
				GCC_WARN_64_TO_32_BIT_CONVERSION = YES;
				GCC_WARN_ABOUT_RETURN_TYPE = YES_ERROR;
				GCC_WARN_UNDECLARED_SELECTOR = YES;
				GCC_WARN_UNINITIALIZED_AUTOS = YES_AGGRESSIVE;
				GCC_WARN_UNUSED_FUNCTION = YES;
				GCC_WARN_UNUSED_VARIABLE = YES;
				IPHONEOS_DEPLOYMENT_TARGET = 16.2;
				MTL_ENABLE_DEBUG_INFO = INCLUDE_SOURCE;
				MTL_FAST_MATH = YES;
				ONLY_ACTIVE_ARCH = YES;
				SDKROOT = iphoneos;
				SWIFT_ACTIVE_COMPILATION_CONDITIONS = DEBUG;
				SWIFT_OPTIMIZATION_LEVEL = "-Onone";
			};
			name = Debug;
		};
		A8E98A2329B10CAE0040CA63 /* Release */ = {
			isa = XCBuildConfiguration;
			buildSettings = {
				ALWAYS_SEARCH_USER_PATHS = NO;
				CLANG_ANALYZER_NONNULL = YES;
				CLANG_ANALYZER_NUMBER_OBJECT_CONVERSION = YES_AGGRESSIVE;
				CLANG_CXX_LANGUAGE_STANDARD = "gnu++20";
				CLANG_ENABLE_MODULES = YES;
				CLANG_ENABLE_OBJC_ARC = YES;
				CLANG_ENABLE_OBJC_WEAK = YES;
				CLANG_WARN_BLOCK_CAPTURE_AUTORELEASING = YES;
				CLANG_WARN_BOOL_CONVERSION = YES;
				CLANG_WARN_COMMA = YES;
				CLANG_WARN_CONSTANT_CONVERSION = YES;
				CLANG_WARN_DEPRECATED_OBJC_IMPLEMENTATIONS = YES;
				CLANG_WARN_DIRECT_OBJC_ISA_USAGE = YES_ERROR;
				CLANG_WARN_DOCUMENTATION_COMMENTS = YES;
				CLANG_WARN_EMPTY_BODY = YES;
				CLANG_WARN_ENUM_CONVERSION = YES;
				CLANG_WARN_INFINITE_RECURSION = YES;
				CLANG_WARN_INT_CONVERSION = YES;
				CLANG_WARN_NON_LITERAL_NULL_CONVERSION = YES;
				CLANG_WARN_OBJC_IMPLICIT_RETAIN_SELF = YES;
				CLANG_WARN_OBJC_LITERAL_CONVERSION = YES;
				CLANG_WARN_OBJC_ROOT_CLASS = YES_ERROR;
				CLANG_WARN_QUOTED_INCLUDE_IN_FRAMEWORK_HEADER = YES;
				CLANG_WARN_RANGE_LOOP_ANALYSIS = YES;
				CLANG_WARN_STRICT_PROTOTYPES = YES;
				CLANG_WARN_SUSPICIOUS_MOVE = YES;
				CLANG_WARN_UNGUARDED_AVAILABILITY = YES_AGGRESSIVE;
				CLANG_WARN_UNREACHABLE_CODE = YES;
				CLANG_WARN__DUPLICATE_METHOD_MATCH = YES;
				COPY_PHASE_STRIP = NO;
				DEBUG_INFORMATION_FORMAT = "dwarf-with-dsym";
				ENABLE_NS_ASSERTIONS = NO;
				ENABLE_STRICT_OBJC_MSGSEND = YES;
				GCC_C_LANGUAGE_STANDARD = gnu11;
				GCC_NO_COMMON_BLOCKS = YES;
				GCC_WARN_64_TO_32_BIT_CONVERSION = YES;
				GCC_WARN_ABOUT_RETURN_TYPE = YES_ERROR;
				GCC_WARN_UNDECLARED_SELECTOR = YES;
				GCC_WARN_UNINITIALIZED_AUTOS = YES_AGGRESSIVE;
				GCC_WARN_UNUSED_FUNCTION = YES;
				GCC_WARN_UNUSED_VARIABLE = YES;
				IPHONEOS_DEPLOYMENT_TARGET = 16.2;
				MTL_ENABLE_DEBUG_INFO = NO;
				MTL_FAST_MATH = YES;
				SDKROOT = iphoneos;
				SWIFT_COMPILATION_MODE = wholemodule;
				SWIFT_OPTIMIZATION_LEVEL = "-O";
				VALIDATE_PRODUCT = YES;
			};
			name = Release;
		};
		A8E98A2529B10CAE0040CA63 /* Debug */ = {
			isa = XCBuildConfiguration;
			buildSettings = {
				ASSETCATALOG_COMPILER_APPICON_NAME = AppIcon;
				ASSETCATALOG_COMPILER_GLOBAL_ACCENT_COLOR_NAME = AccentColor;
				CODE_SIGN_STYLE = Automatic;
				CURRENT_PROJECT_VERSION = 1;
				DEVELOPMENT_TEAM = ZQAVFFZSU4;
				GENERATE_INFOPLIST_FILE = YES;
				INFOPLIST_FILE = "common-uikit-project/Info.plist";
				INFOPLIST_KEY_UIApplicationSupportsIndirectInputEvents = YES;
				INFOPLIST_KEY_UILaunchStoryboardName = LaunchScreen;
				INFOPLIST_KEY_UIMainStoryboardFile = Main;
				INFOPLIST_KEY_UISupportedInterfaceOrientations_iPad = "UIInterfaceOrientationPortrait UIInterfaceOrientationPortraitUpsideDown UIInterfaceOrientationLandscapeLeft UIInterfaceOrientationLandscapeRight";
				INFOPLIST_KEY_UISupportedInterfaceOrientations_iPhone = "UIInterfaceOrientationPortrait UIInterfaceOrientationLandscapeLeft UIInterfaceOrientationLandscapeRight";
				LD_RUNPATH_SEARCH_PATHS = (
					"$(inherited)",
					"@executable_path/Frameworks",
				);
				MARKETING_VERSION = 1.0;
				PRODUCT_BUNDLE_IDENTIFIER = "dev.fernandoflorez.common-uikit-project";
				PRODUCT_NAME = "$(TARGET_NAME)";
				SWIFT_EMIT_LOC_STRINGS = YES;
				SWIFT_VERSION = 5.0;
				TARGETED_DEVICE_FAMILY = "1,2";
			};
			name = Debug;
		};
		A8E98A2629B10CAE0040CA63 /* Release */ = {
			isa = XCBuildConfiguration;
			buildSettings = {
				ASSETCATALOG_COMPILER_APPICON_NAME = AppIcon;
				ASSETCATALOG_COMPILER_GLOBAL_ACCENT_COLOR_NAME = AccentColor;
				CODE_SIGN_STYLE = Automatic;
				CURRENT_PROJECT_VERSION = 1;
				DEVELOPMENT_TEAM = ZQAVFFZSU4;
				GENERATE_INFOPLIST_FILE = YES;
				INFOPLIST_FILE = "common-uikit-project/Info.plist";
				INFOPLIST_KEY_UIApplicationSupportsIndirectInputEvents = YES;
				INFOPLIST_KEY_UILaunchStoryboardName = LaunchScreen;
				INFOPLIST_KEY_UIMainStoryboardFile = Main;
				INFOPLIST_KEY_UISupportedInterfaceOrientations_iPad = "UIInterfaceOrientationPortrait UIInterfaceOrientationPortraitUpsideDown UIInterfaceOrientationLandscapeLeft UIInterfaceOrientationLandscapeRight";
				INFOPLIST_KEY_UISupportedInterfaceOrientations_iPhone = "UIInterfaceOrientationPortrait UIInterfaceOrientationLandscapeLeft UIInterfaceOrientationLandscapeRight";
				LD_RUNPATH_SEARCH_PATHS = (
					"$(inherited)",
					"@executable_path/Frameworks",
				);
				MARKETING_VERSION = 1.0;
				PRODUCT_BUNDLE_IDENTIFIER = "dev.fernandoflorez.common-uikit-project";
				PRODUCT_NAME = "$(TARGET_NAME)";
				SWIFT_EMIT_LOC_STRINGS = YES;
				SWIFT_VERSION = 5.0;
				TARGETED_DEVICE_FAMILY = "1,2";
			};
			name = Release;
		};
		A8E98A2829B10CAE0040CA63 /* Debug */ = {
			isa = XCBuildConfiguration;
			buildSettings = {
				ALWAYS_EMBED_SWIFT_STANDARD_LIBRARIES = YES;
				BUNDLE_LOADER = "$(TEST_HOST)";
				CODE_SIGN_STYLE = Automatic;
				CURRENT_PROJECT_VERSION = 1;
				DEVELOPMENT_TEAM = ZQAVFFZSU4;
				GENERATE_INFOPLIST_FILE = YES;
				IPHONEOS_DEPLOYMENT_TARGET = 16.2;
				MARKETING_VERSION = 1.0;
				PRODUCT_BUNDLE_IDENTIFIER = "dev.fernandoflorez.common-uikit-projectTests";
				PRODUCT_NAME = "$(TARGET_NAME)";
				SWIFT_EMIT_LOC_STRINGS = NO;
				SWIFT_VERSION = 5.0;
				TARGETED_DEVICE_FAMILY = "1,2";
				TEST_HOST = "$(BUILT_PRODUCTS_DIR)/common-uikit-project.app/$(BUNDLE_EXECUTABLE_FOLDER_PATH)/common-uikit-project";
			};
			name = Debug;
		};
		A8E98A2929B10CAE0040CA63 /* Release */ = {
			isa = XCBuildConfiguration;
			buildSettings = {
				ALWAYS_EMBED_SWIFT_STANDARD_LIBRARIES = YES;
				BUNDLE_LOADER = "$(TEST_HOST)";
				CODE_SIGN_STYLE = Automatic;
				CURRENT_PROJECT_VERSION = 1;
				DEVELOPMENT_TEAM = ZQAVFFZSU4;
				GENERATE_INFOPLIST_FILE = YES;
				IPHONEOS_DEPLOYMENT_TARGET = 16.2;
				MARKETING_VERSION = 1.0;
				PRODUCT_BUNDLE_IDENTIFIER = "dev.fernandoflorez.common-uikit-projectTests";
				PRODUCT_NAME = "$(TARGET_NAME)";
				SWIFT_EMIT_LOC_STRINGS = NO;
				SWIFT_VERSION = 5.0;
				TARGETED_DEVICE_FAMILY = "1,2";
				TEST_HOST = "$(BUILT_PRODUCTS_DIR)/common-uikit-project.app/$(BUNDLE_EXECUTABLE_FOLDER_PATH)/common-uikit-project";
			};
			name = Release;
		};
		A8E98A2B29B10CAE0040CA63 /* Debug */ = {
			isa = XCBuildConfiguration;
			buildSettings = {
				ALWAYS_EMBED_SWIFT_STANDARD_LIBRARIES = YES;
				CODE_SIGN_STYLE = Automatic;
				CURRENT_PROJECT_VERSION = 1;
				DEVELOPMENT_TEAM = ZQAVFFZSU4;
				GENERATE_INFOPLIST_FILE = YES;
				MARKETING_VERSION = 1.0;
				PRODUCT_BUNDLE_IDENTIFIER = "dev.fernandoflorez.common-uikit-projectUITests";
				PRODUCT_NAME = "$(TARGET_NAME)";
				SWIFT_EMIT_LOC_STRINGS = NO;
				SWIFT_VERSION = 5.0;
				TARGETED_DEVICE_FAMILY = "1,2";
				TEST_TARGET_NAME = "common-uikit-project";
			};
			name = Debug;
		};
		A8E98A2C29B10CAE0040CA63 /* Release */ = {
			isa = XCBuildConfiguration;
			buildSettings = {
				ALWAYS_EMBED_SWIFT_STANDARD_LIBRARIES = YES;
				CODE_SIGN_STYLE = Automatic;
				CURRENT_PROJECT_VERSION = 1;
				DEVELOPMENT_TEAM = ZQAVFFZSU4;
				GENERATE_INFOPLIST_FILE = YES;
				MARKETING_VERSION = 1.0;
				PRODUCT_BUNDLE_IDENTIFIER = "dev.fernandoflorez.common-uikit-projectUITests";
				PRODUCT_NAME = "$(TARGET_NAME)";
				SWIFT_EMIT_LOC_STRINGS = NO;
				SWIFT_VERSION = 5.0;
				TARGETED_DEVICE_FAMILY = "1,2";
				TEST_TARGET_NAME = "common-uikit-project";
			};
			name = Release;
		};
/* End XCBuildConfiguration section */

/* Begin XCConfigurationList section */
		A8E989F529B10CAC0040CA63 /* Build configuration list for PBXProject "common-uikit-project" */ = {
			isa = XCConfigurationList;
			buildConfigurations = (
				A8E98A2229B10CAE0040CA63 /* Debug */,
				A8E98A2329B10CAE0040CA63 /* Release */,
			);
			defaultConfigurationIsVisible = 0;
			defaultConfigurationName = Release;
		};
		A8E98A2429B10CAE0040CA63 /* Build configuration list for PBXNativeTarget "common-uikit-project" */ = {
			isa = XCConfigurationList;
			buildConfigurations = (
				A8E98A2529B10CAE0040CA63 /* Debug */,
				A8E98A2629B10CAE0040CA63 /* Release */,
			);
			defaultConfigurationIsVisible = 0;
			defaultConfigurationName = Release;
		};
		A8E98A2729B10CAE0040CA63 /* Build configuration list for PBXNativeTarget "common-uikit-projectTests" */ = {
			isa = XCConfigurationList;
			buildConfigurations = (
				A8E98A2829B10CAE0040CA63 /* Debug */,
				A8E98A2929B10CAE0040CA63 /* Release */,
			);
			defaultConfigurationIsVisible = 0;
			defaultConfigurationName = Release;
		};
		A8E98A2A29B10CAE0040CA63 /* Build configuration list for PBXNativeTarget "common-uikit-projectUITests" */ = {
			isa = XCConfigurationList;
			buildConfigurations = (
				A8E98A2B29B10CAE0040CA63 /* Debug */,
				A8E98A2C29B10CAE0040CA63 /* Release */,
			);
			defaultConfigurationIsVisible = 0;
			defaultConfigurationName = Release;
		};
/* End XCConfigurationList section */
	};
	rootObject = A8E989F229B10CAC0040CA63 /* Project object */;
}
